
Microsoft Visual Studio Solution File, Format Version 12.00
# Visual Studio Version 16
VisualStudioVersion = 16.0.29424.173
MinimumVisualStudioVersion = 10.0.40219.1
Project("{9A19103F-16F7-4668-BE54-9A1E7A4F7556}") = "InTouch.WebApi", "InTouch.WebApi\InTouch.WebApi\InTouch.WebApi.csproj", "{46113F3C-D5FF-442D-A220-CBBF297BAE00}"
EndProject
Project("{9A19103F-16F7-4668-BE54-9A1E7A4F7556}") = "InTouch.Data.Chat", "InTouch.Data\InTouch.Data.Chat\InTouch.Data.Chat.csproj", "{1845A011-3D23-40B1-BF70-8DCA674019C1}"
EndProject
Project("{9A19103F-16F7-4668-BE54-9A1E7A4F7556}") = "InTouch.Business.Chat", "InTouch.Business\InTouch.Business.Chat\InTouch.Business.Chat.csproj", "{E55FF0AD-F72A-4865-9CEF-19D004A5D689}"
EndProject
Global
	GlobalSection(SolutionConfigurationPlatforms) = preSolution
		Debug|Any CPU = Debug|Any CPU
		Release|Any CPU = Release|Any CPU
	EndGlobalSection
	GlobalSection(ProjectConfigurationPlatforms) = postSolution
		{46113F3C-D5FF-442D-A220-CBBF297BAE00}.Debug|Any CPU.ActiveCfg = Debug|Any CPU
		{46113F3C-D5FF-442D-A220-CBBF297BAE00}.Debug|Any CPU.Build.0 = Debug|Any CPU
		{46113F3C-D5FF-442D-A220-CBBF297BAE00}.Release|Any CPU.ActiveCfg = Release|Any CPU
		{46113F3C-D5FF-442D-A220-CBBF297BAE00}.Release|Any CPU.Build.0 = Release|Any CPU
		{1845A011-3D23-40B1-BF70-8DCA674019C1}.Debug|Any CPU.ActiveCfg = Debug|Any CPU
		{1845A011-3D23-40B1-BF70-8DCA674019C1}.Debug|Any CPU.Build.0 = Debug|Any CPU
		{1845A011-3D23-40B1-BF70-8DCA674019C1}.Release|Any CPU.ActiveCfg = Release|Any CPU
		{1845A011-3D23-40B1-BF70-8DCA674019C1}.Release|Any CPU.Build.0 = Release|Any CPU
		{E55FF0AD-F72A-4865-9CEF-19D004A5D689}.Debug|Any CPU.ActiveCfg = Debug|Any CPU
		{E55FF0AD-F72A-4865-9CEF-19D004A5D689}.Debug|Any CPU.Build.0 = Debug|Any CPU
		{E55FF0AD-F72A-4865-9CEF-19D004A5D689}.Release|Any CPU.ActiveCfg = Release|Any CPU
		{E55FF0AD-F72A-4865-9CEF-19D004A5D689}.Release|Any CPU.Build.0 = Release|Any CPU
	EndGlobalSection
	GlobalSection(SolutionProperties) = preSolution
		HideSolutionNode = FALSE
	EndGlobalSection
	GlobalSection(ExtensibilityGlobals) = postSolution
		SolutionGuid = {D6EBAA3D-575F-4D45-A868-6CF33AE6BA42}
	EndGlobalSection
EndGlobal
