
Microsoft Visual Studio Solution File, Format Version 12.00
# Visual Studio Version 16
VisualStudioVersion = 16.0.29424.173
MinimumVisualStudioVersion = 10.0.40219.1
Project("{FAE04EC0-301F-11D3-BF4B-00C04F79EFBC}") = "InTouch.Data", "InTouch.Data\InTouch.Data\InTouch.Data.csproj", "{71DE4D7A-0A74-4EC4-B9D7-A77464EB55DB}"
EndProject
Project("{FAE04EC0-301F-11D3-BF4B-00C04F79EFBC}") = "InTouch.Data.Tests", "InTouch.Data\InTouch.Data.Tests\InTouch.Data.Tests.csproj", "{AEC36288-9448-4982-BDD5-86D658D765B1}"
EndProject
Project("{FAE04EC0-301F-11D3-BF4B-00C04F79EFBC}") = "InTouch.Database", "InTouch.Database\InTouch.Database.csproj", "{7645A1F7-3ADA-43C1-A5DC-E84B8AD08051}"
EndProject
Global
	GlobalSection(SolutionConfigurationPlatforms) = preSolution
		Debug|Any CPU = Debug|Any CPU
		Release|Any CPU = Release|Any CPU
	EndGlobalSection
	GlobalSection(ProjectConfigurationPlatforms) = postSolution
		{71DE4D7A-0A74-4EC4-B9D7-A77464EB55DB}.Debug|Any CPU.ActiveCfg = Debug|Any CPU
		{71DE4D7A-0A74-4EC4-B9D7-A77464EB55DB}.Debug|Any CPU.Build.0 = Debug|Any CPU
		{71DE4D7A-0A74-4EC4-B9D7-A77464EB55DB}.Release|Any CPU.ActiveCfg = Release|Any CPU
		{71DE4D7A-0A74-4EC4-B9D7-A77464EB55DB}.Release|Any CPU.Build.0 = Release|Any CPU
		{AEC36288-9448-4982-BDD5-86D658D765B1}.Debug|Any CPU.ActiveCfg = Debug|Any CPU
		{AEC36288-9448-4982-BDD5-86D658D765B1}.Debug|Any CPU.Build.0 = Debug|Any CPU
		{AEC36288-9448-4982-BDD5-86D658D765B1}.Release|Any CPU.ActiveCfg = Release|Any CPU
		{AEC36288-9448-4982-BDD5-86D658D765B1}.Release|Any CPU.Build.0 = Release|Any CPU
		{7645A1F7-3ADA-43C1-A5DC-E84B8AD08051}.Debug|Any CPU.ActiveCfg = Debug|Any CPU
		{7645A1F7-3ADA-43C1-A5DC-E84B8AD08051}.Debug|Any CPU.Build.0 = Debug|Any CPU
		{7645A1F7-3ADA-43C1-A5DC-E84B8AD08051}.Release|Any CPU.ActiveCfg = Release|Any CPU
		{7645A1F7-3ADA-43C1-A5DC-E84B8AD08051}.Release|Any CPU.Build.0 = Release|Any CPU
	EndGlobalSection
	GlobalSection(SolutionProperties) = preSolution
		HideSolutionNode = FALSE
	EndGlobalSection
	GlobalSection(ExtensibilityGlobals) = postSolution
		SolutionGuid = {D6EBAA3D-575F-4D45-A868-6CF33AE6BA42}
	EndGlobalSection
EndGlobal
